# THIS IS AN AUTOGENERATED FILE. DO NOT EDIT THIS FILE DIRECTLY.
# yarn lockfile v1


bootstrap-growl-ifightcrime@^1.1.0:
  version "1.1.0"
  resolved "https://registry.yarnpkg.com/bootstrap-growl-ifightcrime/-/bootstrap-growl-ifightcrime-1.1.0.tgz#3f83c12bd29281315580a05ec13841d60031539e"
  integrity sha1-P4PBK9KSgTFVgKBewThB1gAxU54=

bootstrap-wysiwyg@^2.0.1:
  version "2.0.1"
  resolved "https://registry.yarnpkg.com/bootstrap-wysiwyg/-/bootstrap-wysiwyg-2.0.1.tgz#ed9c7a7e2e33c5931b0f8d974c11268baf39a8ba"
  integrity sha1-7Zx6fi4zxZMbD42XTBEmi685qLo=

bootstrap@^4.5.2:
  version "4.5.2"
  resolved "https://registry.yarnpkg.com/bootstrap/-/bootstrap-4.5.2.tgz#a85c4eda59155f0d71186b6e6ad9b875813779ab"
  integrity sha512-vlGn0bcySYl/iV+BGA544JkkZP5LB3jsmkeKLFQakCOwCM3AOk7VkldBz4jrzSe+Z0Ezn99NVXa1o45cQY4R6A==

datatables.net@^1.10.21:
  version "1.10.21"
  resolved "https://registry.yarnpkg.com/datatables.net/-/datatables.net-1.10.21.tgz#f1d35c8e5c3eb7f5caef39e80cd5b836a8c77103"
  integrity sha512-/bSZtxmf3GTpYcvEmwZ8q26I1yhSx8qklR2B+s1K8+/51UW/zc2zTYwJMqr/Z+iCYixAc00ildj4g2x0Qamolw==
  dependencies:
    jquery ">=1.7"

fastclick@^1.0.6:
  version "1.0.6"
  resolved "https://registry.yarnpkg.com/fastclick/-/fastclick-1.0.6.tgz#161625b27b1a5806405936bda9a2c1926d06be6a"
  integrity sha1-FhYlsnsaWAZAWTa9qaLBkm0Gvmo=

font-awesome@^4.7.0:
  version "4.7.0"
  resolved "https://registry.yarnpkg.com/font-awesome/-/font-awesome-4.7.0.tgz#8fa8cf0411a1a31afd07b06d2902bb9fc815a133"
  integrity sha1-j6jPBBGhoxr9B7BtKQK7n8gVoTM=

jquery-mousewheel@>=3.0.6:
  version "3.1.13"
  resolved "https://registry.yarnpkg.com/jquery-mousewheel/-/jquery-mousewheel-3.1.13.tgz#06f0335f16e353a695e7206bf50503cb523a6ee5"
  integrity sha1-BvAzXxbjU6aV5yBr9QUDy1I6buU=

"jquery@1.9.1 - 3", jquery@>=1.7:
  version "3.5.1"
  resolved "https://registry.yarnpkg.com/jquery/-/jquery-3.5.1.tgz#d7b4d08e1bfdb86ad2f1a3d039ea17304717abb5"
  integrity sha512-XwIBPqcMn57FxfT+Go5pzySnm4KWkT1Tv7gjrpT1srtf8Weynl6R273VJ5GjkRb51IzMp5nbaPjJXMWeju2MKg==

malihu-custom-scrollbar-plugin@^3.1.5:
  version "3.1.5"
  resolved "https://registry.yarnpkg.com/malihu-custom-scrollbar-plugin/-/malihu-custom-scrollbar-plugin-3.1.5.tgz#310cecc5e59415a1c29e9dfb5d2b6e01d66a29ef"
  integrity sha1-MQzsxeWUFaHCnp37XStuAdZqKe8=
  dependencies:
    jquery-mousewheel ">=3.0.6"

nprogress@^0.2.0:
  version "0.2.0"
  resolved "https://registry.yarnpkg.com/nprogress/-/nprogress-0.2.0.tgz#cb8f34c53213d895723fcbab907e9422adbcafb1"
  integrity sha1-y480xTIT2JVyP8urkH6UIq28r7E=

popper.js@^1.16.1:
  version "1.16.1"
  resolved "https://registry.yarnpkg.com/popper.js/-/popper.js-1.16.1.tgz#2a223cb3dc7b6213d740e40372be40de43e65b1b"
  integrity sha512-Wb4p1J4zyFTbM+u6WuO4XstYx4Ky9Cewe4DWrel7B0w6VVICvPwdOpotjzcf6eD8TsckVnIMNONQyPIUFOUbCQ==
